
Microsoft Visual Studio Solution File, Format Version 12.00
# Visual Studio 2013
VisualStudioVersion = 12.0.40629.0
MinimumVisualStudioVersion = 10.0.40219.1
Project("{2150E333-8FDC-42A3-9474-1A3956D46DE8}") = ".nuget", ".nuget", "{9F4E9DC6-7C7E-4DD8-93D5-2A5C017FFF48}"
	ProjectSection(SolutionItems) = preProject
		.nuget\NuGet.Config = .nuget\NuGet.Config
		.nuget\NuGet.exe = .nuget\NuGet.exe
		.nuget\NuGet.targets = .nuget\NuGet.targets
	EndProjectSection
EndProject
Project("{FAE04EC0-301F-11D3-BF4B-00C04F79EFBC}") = "CargosService.WebApi", "CargosService.WebApi\CargosService.WebApi.csproj", "{A8E9F07B-CB7C-41D8-B851-4C3E8A3B0BC0}"
EndProject
Project("{FAE04EC0-301F-11D3-BF4B-00C04F79EFBC}") = "CargosService.DataAccess.Implementation", "CargosService.DataAccess.Implementation\CargosService.DataAccess.Implementation.csproj", "{78D2B749-18D4-4069-83EA-046EEC82F416}"
EndProject
Project("{FAE04EC0-301F-11D3-BF4B-00C04F79EFBC}") = "CargosService.DataAccess.Contract", "CargosService.DataAccess.Contract\CargosService.DataAccess.Contract.csproj", "{5A269405-40FB-4760-9A83-EE6E47ED2F62}"
EndProject
Project("{FAE04EC0-301F-11D3-BF4B-00C04F79EFBC}") = "CargosService.ConsoleClient", "CargosService.ConsoleClient\CargosService.ConsoleClient.csproj", "{2C65FE65-0BB4-4727-8D1B-4312740E6ECE}"
EndProject
Project("{FAE04EC0-301F-11D3-BF4B-00C04F79EFBC}") = "CargosService.Common", "CargosService.Common\CargosService.Common.csproj", "{7C2FA1D3-01F0-42D5-B7E2-6622FBE00C5E}"
EndProject
Global
	GlobalSection(SolutionConfigurationPlatforms) = preSolution
		Debug|Any CPU = Debug|Any CPU
		Release|Any CPU = Release|Any CPU
	EndGlobalSection
	GlobalSection(ProjectConfigurationPlatforms) = postSolution
		{A8E9F07B-CB7C-41D8-B851-4C3E8A3B0BC0}.Debug|Any CPU.ActiveCfg = Debug|Any CPU
		{A8E9F07B-CB7C-41D8-B851-4C3E8A3B0BC0}.Debug|Any CPU.Build.0 = Debug|Any CPU
		{A8E9F07B-CB7C-41D8-B851-4C3E8A3B0BC0}.Release|Any CPU.ActiveCfg = Release|Any CPU
		{A8E9F07B-CB7C-41D8-B851-4C3E8A3B0BC0}.Release|Any CPU.Build.0 = Release|Any CPU
		{78D2B749-18D4-4069-83EA-046EEC82F416}.Debug|Any CPU.ActiveCfg = Debug|Any CPU
		{78D2B749-18D4-4069-83EA-046EEC82F416}.Debug|Any CPU.Build.0 = Debug|Any CPU
		{78D2B749-18D4-4069-83EA-046EEC82F416}.Release|Any CPU.ActiveCfg = Release|Any CPU
		{78D2B749-18D4-4069-83EA-046EEC82F416}.Release|Any CPU.Build.0 = Release|Any CPU
		{5A269405-40FB-4760-9A83-EE6E47ED2F62}.Debug|Any CPU.ActiveCfg = Debug|Any CPU
		{5A269405-40FB-4760-9A83-EE6E47ED2F62}.Debug|Any CPU.Build.0 = Debug|Any CPU
		{5A269405-40FB-4760-9A83-EE6E47ED2F62}.Release|Any CPU.ActiveCfg = Release|Any CPU
		{5A269405-40FB-4760-9A83-EE6E47ED2F62}.Release|Any CPU.Build.0 = Release|Any CPU
		{2C65FE65-0BB4-4727-8D1B-4312740E6ECE}.Debug|Any CPU.ActiveCfg = Debug|Any CPU
		{2C65FE65-0BB4-4727-8D1B-4312740E6ECE}.Debug|Any CPU.Build.0 = Debug|Any CPU
		{2C65FE65-0BB4-4727-8D1B-4312740E6ECE}.Release|Any CPU.ActiveCfg = Release|Any CPU
		{2C65FE65-0BB4-4727-8D1B-4312740E6ECE}.Release|Any CPU.Build.0 = Release|Any CPU
		{7C2FA1D3-01F0-42D5-B7E2-6622FBE00C5E}.Debug|Any CPU.ActiveCfg = Debug|Any CPU
		{7C2FA1D3-01F0-42D5-B7E2-6622FBE00C5E}.Debug|Any CPU.Build.0 = Debug|Any CPU
		{7C2FA1D3-01F0-42D5-B7E2-6622FBE00C5E}.Release|Any CPU.ActiveCfg = Release|Any CPU
		{7C2FA1D3-01F0-42D5-B7E2-6622FBE00C5E}.Release|Any CPU.Build.0 = Release|Any CPU
	EndGlobalSection
	GlobalSection(SolutionProperties) = preSolution
		HideSolutionNode = FALSE
	EndGlobalSection
EndGlobal
